{
  "name": "@mamba/flatlist",
  "version": "3.5.0",
  "lockfileVersion": 1,
  "requires": true,
  "dependencies": {
    "@mamba/icon": {
      "version": "3.3.0",
      "resolved": "https://registry.npmjs.org/@mamba/icon/-/icon-3.3.0.tgz",
      "integrity": "sha512-2MncitSRehVAraKXY0tPchVDBBxTolsyOHFwXfQkw2C6PgsVFkkrmySdC5N43g7Bwki2mWCtsE52P4BAvh+jkg==",
      "requires": {
        "@mamba/styles": "^3.4.0"
      }
    },
    "@mamba/styles": {
      "version": "3.4.0",
      "resolved": "https://registry.npmjs.org/@mamba/styles/-/styles-3.4.0.tgz",
      "integrity": "sha512-MGg6cZjt25rQP+QpxXxRaIYBxU97TtvQ+A5LTK5YAL1u8Pm5u/VzZ17/K3i2gNK/+LrNaqgmEse/DsFqotTn4w=="
    },
    "@mamba/utils": {
      "version": "3.3.1",
      "resolved": "https://registry.npmjs.org/@mamba/utils/-/utils-3.3.1.tgz",
      "integrity": "sha512-KmWFoF6Kb8NAIHvI+c4aV80Yv4TfAz8k335I9EeN00I/29HyK+RYj7m6WNkloVcYUWInl/k2NT8I4vJp7NFQMg==",
      "requires": {
        "date-fns": "^2.5.1",
        "date-fns-tz": "^1.0.8"
      }
    },
    "date-fns": {
      "version": "2.21.2",
      "resolved": "https://registry.npmjs.org/date-fns/-/date-fns-2.21.2.tgz",
      "integrity": "sha512-FMkG7pIPx64mGIpS2LOb3Wp3O606H/hatoiz7G0oiYWai1izdM4tF1dd7QABv2NogkIDI4wxsfLLFQSuVvDHgA=="
    },
    "date-fns-tz": {
      "version": "1.1.4",
      "resolved": "https://registry.npmjs.org/date-fns-tz/-/date-fns-tz-1.1.4.tgz",
      "integrity": "sha512-lQ+FF7xUxxRuRqIY7H/lagnT3PhhSnnvtGHzjE5WZKwRyLU7glJfLys05SZ7zHlEr6RXWiqkmgWq4nCkcElR+g=="
    }
  }
}
