{
  "name": "@mamba/button",
  "version": "2.35.0",
  "lockfileVersion": 1,
  "requires": true,
  "dependencies": {
    "@mamba/icon": {
      "version": "2.34.3",
      "resolved": "https://registry.npmjs.org/@mamba/icon/-/icon-2.34.3.tgz",
      "integrity": "sha512-TUnCzxTD8MU7RCNOQRpomkiupdAKzd3Arxn3/SXu6dMbAtNBcYo+PvORJbuSl+xHbIeQeHN5vLBqQxvQXDTNRA==",
      "dev": true,
      "requires": {
        "@mamba/styles": "^2.34.3"
      }
    },
    "@mamba/styles": {
      "version": "2.34.3",
      "resolved": "https://registry.npmjs.org/@mamba/styles/-/styles-2.34.3.tgz",
      "integrity": "sha512-5KHcdKbOfqFkgt80GE2Txw9cCJiPHdrW6YYKb1Vv/Y9yhvuPbLAJkCx/tHeIoTTVx3KpmVn9DEnm2HtonQ8hwg=="
    }
  }
}
