{
  "name": "@mamba/radio",
  "version": "2.34.1",
  "lockfileVersion": 1,
  "requires": true,
  "dependencies": {
    "@mamba/styles": {
      "version": "2.9.0",
      "resolved": "https://registry.npmjs.org/@mamba/styles/-/styles-2.9.0.tgz",
      "integrity": "sha512-Tx3P6HYaM2q+aDBVLljQeA2v4d5+1Tr+yERiIPvPgE8ZwhqmK/mSX3hQwiq5Sbj/OZAthoyWWjXXWp8sx4kJwA==",
      "dev": true
    }
  }
}
