{
  "name": "@mamba/app",
  "version": "2.35.0",
  "lockfileVersion": 1,
  "requires": true,
  "dependencies": {
    "@mamba/button": {
      "version": "2.32.4",
      "resolved": "https://registry.npmjs.org/@mamba/button/-/button-2.32.4.tgz",
      "integrity": "sha512-A2uh6vIhg/dZQG4iokRZSHsfLqBHEADl/5CSMO+6tjHEd3mzy0b716oKGnb/hy6Jf+cM5lWn2o/Blj1Fpl05iQ==",
      "dev": true,
      "requires": {
        "@mamba/styles": "2.32.4"
      }
    },
    "@mamba/styles": {
      "version": "2.32.4",
      "resolved": "https://registry.npmjs.org/@mamba/styles/-/styles-2.32.4.tgz",
      "integrity": "sha512-tI+tL81BEefTHcD1wref61Kgi1Y5Nblhf7dJR6Pkx53bUsZMKNyFIDr5XKoXO5O0sQY5InJhrARn//AwrO1Xig==",
      "dev": true
    }
  }
}
