{
  "name": "@mamba/app",
  "version": "3.3.0",
  "lockfileVersion": 1,
  "requires": true,
  "dependencies": {
    "@mamba/button": {
      "version": "2.40.1",
      "resolved": "https://registry.npmjs.org/@mamba/button/-/button-2.40.1.tgz",
      "integrity": "sha512-AlBoUXCgq9so0QFduszc/DCO43LxTg5rFEYa709oFH92TAe1vdWYmwIzJ7qElVwhnu2HQJ1KYS9L08anDR8EmA==",
      "dev": true,
      "requires": {
        "@mamba/styles": "^2.40.1"
      }
    },
    "@mamba/styles": {
      "version": "2.40.1",
      "resolved": "https://registry.npmjs.org/@mamba/styles/-/styles-2.40.1.tgz",
      "integrity": "sha512-9j2Cf1+n33fIcluYd2I3l01KBA6p9rlPBFJ2+51j+R2+J1WXI1ujgfJ8tbmw46kr0MyCMtyVoPJU2dn/jgzXUg==",
      "dev": true
    },
    "@mamba/utils": {
      "version": "3.2.1",
      "resolved": "https://registry.npmjs.org/@mamba/utils/-/utils-3.2.1.tgz",
      "integrity": "sha512-+rh2Fr5GSX83yFLvCjAJ/KiOIID2UtrqfSUvE8MRIeelMlQIi1YKONvHbTMSJ5c9i3WspC31PJNs35Ks0eLKIQ==",
      "requires": {
        "date-fns": "^2.5.1",
        "date-fns-tz": "^1.0.8"
      }
    },
    "date-fns": {
      "version": "2.19.0",
      "resolved": "https://registry.npmjs.org/date-fns/-/date-fns-2.19.0.tgz",
      "integrity": "sha512-X3bf2iTPgCAQp9wvjOQytnf5vO5rESYRXlPIVcgSbtT5OTScPcsf9eZU+B/YIkKAtYr5WeCii58BgATrNitlWg=="
    },
    "date-fns-tz": {
      "version": "1.1.3",
      "resolved": "https://registry.npmjs.org/date-fns-tz/-/date-fns-tz-1.1.3.tgz",
      "integrity": "sha512-mD26WkejWz842RggjFrKsY6ehGgyBQSJ209mn83/vsjhgQ5WbdVvBzJ0CuosnGdklDxOvOppQ/wn1UgvTOPKPw=="
    }
  }
}
