{
  "name": "@mamba/app",
  "version": "2.33.3",
  "lockfileVersion": 1,
  "requires": true,
  "dependencies": {
    "@mamba/button": {
      "version": "2.40.1",
      "resolved": "https://registry.npmjs.org/@mamba/button/-/button-2.40.1.tgz",
      "integrity": "sha512-AlBoUXCgq9so0QFduszc/DCO43LxTg5rFEYa709oFH92TAe1vdWYmwIzJ7qElVwhnu2HQJ1KYS9L08anDR8EmA==",
      "dev": true,
      "requires": {
        "@mamba/styles": "^2.40.1"
      }
    },
    "@mamba/styles": {
      "version": "2.40.1",
      "resolved": "https://registry.npmjs.org/@mamba/styles/-/styles-2.40.1.tgz",
      "integrity": "sha512-9j2Cf1+n33fIcluYd2I3l01KBA6p9rlPBFJ2+51j+R2+J1WXI1ujgfJ8tbmw46kr0MyCMtyVoPJU2dn/jgzXUg==",
      "dev": true
    }
  }
}
