{
  "name": "@mamba/appbar",
  "version": "2.32.3",
  "lockfileVersion": 1,
  "requires": true,
  "dependencies": {
    "@mamba/icon": {
      "version": "2.27.3",
      "requires": {
        "@mamba/styles": "2.28.0"
      },
      "dependencies": {
        "@mamba/styles": {
          "version": "2.28.0",
          "bundled": true
        }
      }
    }
  }
}
