{
  "name": "@mamba/appbar",
  "version": "2.36.1",
  "lockfileVersion": 1,
  "requires": true,
  "dependencies": {
    "@mamba/icon": {
      "version": "2.32.3",
      "resolved": "https://registry.npmjs.org/@mamba/icon/-/icon-2.32.3.tgz",
      "integrity": "sha512-9fSLf5h0dOc9ezgfYN0ncOO/WbsvANSHDX2p7Wd2zW8dpbd8qpipYk4U+SHyDHXNCfwg3RY6tcm98JuXdzsG9Q==",
      "requires": {
        "@mamba/styles": "2.32.3"
      }
    },
    "@mamba/styles": {
      "version": "2.32.3",
      "resolved": "https://registry.npmjs.org/@mamba/styles/-/styles-2.32.3.tgz",
      "integrity": "sha512-YT5OHU0CZm79346Sww1jc+RFRew3sx65UK/Ltqd1eL3PHkpvdcZ3HsEwkVYAAzcxdDUTSUl8148ediSpDgHS8Q=="
    }
  }
}
