{
  "name": "@mamba/icon",
  "version": "2.36.0",
  "lockfileVersion": 1,
  "requires": true,
  "dependencies": {
    "@mamba/styles": {
      "version": "2.14.0",
      "resolved": "https://registry.npmjs.org/@mamba/styles/-/styles-2.14.0.tgz",
      "integrity": "sha512-B8Em1hMdszZZKPfX+s/Jw25DnUhZHXMPCby+lcaQ1qWl6b4d7UjGXKw2KGlf5cTauN5jYbhIW+7LUnlgHQ9Lxw=="
    }
  }
}
