{
  "name": "@mamba/dialog",
  "version": "2.29.1",
  "lockfileVersion": 1,
  "requires": true,
  "dependencies": {
    "@mamba/icon": {
      "version": "2.23.1",
      "resolved": "https://registry.npmjs.org/@mamba/icon/-/icon-2.23.1.tgz",
      "integrity": "sha512-i6oSpLBiU0E2Rac/V0zRzIrS2+KihbYO5eGAScCkAfTArHRSwaMkKDX0z6nsn7bzAMm9f72NxJo9U1pmy3gfUQ==",
      "requires": {
        "@mamba/styles": "^2.23.1"
      }
    },
    "@mamba/sprite": {
      "version": "2.23.1",
      "resolved": "https://registry.npmjs.org/@mamba/sprite/-/sprite-2.23.1.tgz",
      "integrity": "sha512-GOWeRy2R/RCxG+d47H173XaKrS/bXNdxmfxChicHsRwpzcJc8x7NEChMNW4ETwJuO7HV7d8Ng6sew8hSln/uTg==",
      "dev": true
    },
    "@mamba/styles": {
      "version": "2.23.1",
      "resolved": "https://registry.npmjs.org/@mamba/styles/-/styles-2.23.1.tgz",
      "integrity": "sha512-+8d7062t9A7AyiavFfZ7ZgOm/2oQ4StHD1x5DuKU0rkdndSusnjFUVOPIsvF9AeAVLoSdKh5P4ZX4S+qRTk0kw=="
    }
  }
}
