{
  "name": "@mamba/dialog",
  "version": "2.33.2",
  "lockfileVersion": 1,
  "requires": true,
  "dependencies": {
    "@mamba/icon": {
      "version": "2.33.2",
      "resolved": "https://registry.npmjs.org/@mamba/icon/-/icon-2.33.2.tgz",
      "integrity": "sha512-VVwj0VrzLJnKM5lHbrBRRSrL98cuQL4wOgjtkizOAtMijPYQVSaVVdMQx6HoFmtMbv1LC/aFttfpMvsRJ25RlQ==",
      "requires": {
        "@mamba/styles": "^2.33.2"
      }
    },
    "@mamba/sprite": {
      "version": "2.33.2",
      "resolved": "https://registry.npmjs.org/@mamba/sprite/-/sprite-2.33.2.tgz",
      "integrity": "sha512-IMistK2vIHIhgF2otKr8mVRf4OFXMREutij+4iH4IdMyAJkVsl8OzX8TVCkZGsrq379A0SCAmfnvv/Vx13XOww==",
      "dev": true
    },
    "@mamba/styles": {
      "version": "2.33.2",
      "resolved": "https://registry.npmjs.org/@mamba/styles/-/styles-2.33.2.tgz",
      "integrity": "sha512-EcF4ys1hIyN594LOLmS1iPnKiyFaj/fzXc6xaMIjcQf+Fb6gLMKcKhikqHdkwn8ImzIXePAAgrBvhbNFcWNPHA=="
    }
  }
}
