{
  "name": "@mamba/switch",
  "version": "3.2.1",
  "lockfileVersion": 1,
  "requires": true,
  "dependencies": {
    "@mamba/styles": {
      "version": "2.33.3",
      "resolved": "https://registry.npmjs.org/@mamba/styles/-/styles-2.33.3.tgz",
      "integrity": "sha512-UqNX7INi8P1KolzCPpix30d2FZrjXaQwB6r+ejn0wqIVsX8VaNSPJeSlGPVt7wwifMQ0u5MWkCbI+eZ0FVYfdQ==",
      "dev": true
    }
  }
}
