{
  "name": "@mamba/printable",
  "version": "2.26.1",
  "lockfileVersion": 1,
  "requires": true,
  "dependencies": {
    "@mamba/dialog": {
      "version": "2.26.0",
      "resolved": "https://registry.npmjs.org/@mamba/dialog/-/dialog-2.26.0.tgz",
      "integrity": "sha512-wKdtNZ7CiKKXjZ/ZOAR+FEAUtiCiSdwPmFlgg1aFphJf3llZKnfNMpccZwc3fM6e9OOE8YoZXSnxmTIQflmvQQ==",
      "requires": {
        "@mamba/icon": "^2.26.0",
        "@mamba/styles": "^2.26.0"
      }
    },
    "@mamba/icon": {
      "version": "2.26.0",
      "resolved": "https://registry.npmjs.org/@mamba/icon/-/icon-2.26.0.tgz",
      "integrity": "sha512-8of4Zk9ofJlXWlRF9oSHsyH1G/IXavg1y2sRgEK/68OBt/Aag2JA7Fs2kp6S/ghOmmi/sgozF/dntH6VfF/PMw==",
      "requires": {
        "@mamba/styles": "^2.26.0"
      }
    },
    "@mamba/styles": {
      "version": "2.26.0",
      "resolved": "https://registry.npmjs.org/@mamba/styles/-/styles-2.26.0.tgz",
      "integrity": "sha512-3g41v33Fot3KMPQ2Y+XsHy1mPOFSS6bTqYsZQzuGTQPJNSH7oblj3t2+REnOZNfN2zeTZ2DaNYYffVia/2ZnfA=="
    }
  }
}
