{
  "name": "@mamba/printable",
  "version": "2.24.0",
  "lockfileVersion": 1,
  "requires": true,
  "dependencies": {
    "@mamba/dialog": {
      "version": "2.23.0",
      "resolved": "https://registry.npmjs.org/@mamba/dialog/-/dialog-2.23.0.tgz",
      "integrity": "sha512-T10hhMDtDuw2lTEojPegTv8e2EFiSyfXQHtugJI1XboMqXG6o38jBKRlH/IO8+9yfz4XLG7nefwIrAEvdM+M0Q==",
      "requires": {
        "@mamba/icon": "^2.23.0",
        "@mamba/styles": "^2.23.0"
      }
    },
    "@mamba/icon": {
      "version": "2.23.0",
      "resolved": "https://registry.npmjs.org/@mamba/icon/-/icon-2.23.0.tgz",
      "integrity": "sha512-vb8GpCt/AmYkAxd0Ue/VDQQY3ng+sgeQpJprn4puRRL7p5Ja8JXIwOQFNToCqZ0tkaIgde/FWwcYIrshYNNFBQ==",
      "requires": {
        "@mamba/styles": "^2.23.0"
      }
    },
    "@mamba/styles": {
      "version": "2.23.0",
      "resolved": "https://registry.npmjs.org/@mamba/styles/-/styles-2.23.0.tgz",
      "integrity": "sha512-gZ1JSZ0bfIuHxPzFlAbYRN3TNSyPMaCZq+rCMwxd9SnfkE3Axw3U+DqYr1SftykZd4A6ANQ8qMgf4gpplSXWRA=="
    }
  }
}
