{
  "name": "@mamba/printable",
  "version": "2.29.4",
  "lockfileVersion": 1,
  "requires": true,
  "dependencies": {
    "@mamba/dialog": {
      "version": "2.29.3",
      "resolved": "https://registry.npmjs.org/@mamba/dialog/-/dialog-2.29.3.tgz",
      "integrity": "sha512-YIUN/UlAdgbDohssGCyu1gZcFmxvJejxQDg5j5qKZ+BsfiHXXMfSRoX5cjGKiYXvnd2QvTMjXiPRQrnkZ1EhVA==",
      "requires": {
        "@mamba/icon": "^2.29.3",
        "@mamba/styles": "^2.29.3"
      },
      "dependencies": {
        "@mamba/icon": {
          "version": "2.29.3",
          "resolved": "https://registry.npmjs.org/@mamba/icon/-/icon-2.29.3.tgz",
          "integrity": "sha512-NW+zaTysYaY1uJX/rGtTV/cwPl6SuxRv5Xsb6rzS6kZDkcN8S6jSMW5GXF6UOm3336y39eV8bKHGfyfMnIVdpQ==",
          "requires": {
            "@mamba/styles": "^2.29.3"
          }
        },
        "@mamba/styles": {
          "version": "2.29.3",
          "resolved": "https://registry.npmjs.org/@mamba/styles/-/styles-2.29.3.tgz",
          "integrity": "sha512-UHV/0C2Zm6L50iCYVtg3TG5J8m/7PY7IT3jPWVe/yaIrT2fHtGCMH8+Mi4ZdCOE80Nw0jXJ09nRDPiUTV3iSZA=="
        }
      }
    },
    "@mamba/icon": {
      "version": "2.29.3",
      "resolved": "https://registry.npmjs.org/@mamba/icon/-/icon-2.29.3.tgz",
      "integrity": "sha512-NW+zaTysYaY1uJX/rGtTV/cwPl6SuxRv5Xsb6rzS6kZDkcN8S6jSMW5GXF6UOm3336y39eV8bKHGfyfMnIVdpQ==",
      "dev": true,
      "requires": {
        "@mamba/styles": "^2.29.3"
      }
    },
    "@mamba/styles": {
      "version": "2.29.3",
      "resolved": "https://registry.npmjs.org/@mamba/styles/-/styles-2.29.3.tgz",
      "integrity": "sha512-UHV/0C2Zm6L50iCYVtg3TG5J8m/7PY7IT3jPWVe/yaIrT2fHtGCMH8+Mi4ZdCOE80Nw0jXJ09nRDPiUTV3iSZA==",
      "dev": true
    }
  }
}
