{
  "name": "@mamba/checkbox",
  "version": "2.30.0",
  "lockfileVersion": 1,
  "requires": true,
  "dependencies": {
    "@mamba/styles": {
      "version": "2.32.1",
      "resolved": "https://registry.npmjs.org/@mamba/styles/-/styles-2.32.1.tgz",
      "integrity": "sha512-n3Li1O7B7TEZ2F9ozyjm/x4nL8QsEl8r4MDWFkKJKDewSyDcVW0ryy4vybRLPyTtmDx3G4KD1iZ53yJh3cZ2lQ==",
      "dev": true
    }
  }
}
