{
  "name": "@mamba/checkbox",
  "version": "2.29.4",
  "lockfileVersion": 1,
  "requires": true,
  "dependencies": {
    "@mamba/icon": {
      "version": "2.32.5",
      "resolved": "https://registry.npmjs.org/@mamba/icon/-/icon-2.32.5.tgz",
      "integrity": "sha512-Qs/bf1A1L4NA9hZaaj8ofeawLk+C2eZ6x9TJTcdkpsKmyjDoRRB3og4ZYVItUFDhv7Xdlb5LlJiya1xKfAO9hw==",
      "requires": {
        "@mamba/styles": "^2.32.5"
      },
      "dependencies": {
        "@mamba/styles": {
          "version": "2.32.5",
          "resolved": "https://registry.npmjs.org/@mamba/styles/-/styles-2.32.5.tgz",
          "integrity": "sha512-04LEx/syjntfb2/USF81zUU9cuC3LYO0fMpO1Mg0O/TV/ByO/37DJOFRqduT1XB+z/EoINJ9lVtrke6diqG5uQ=="
        }
      }
    },
    "@mamba/styles": {
      "version": "2.32.1",
      "resolved": "https://registry.npmjs.org/@mamba/styles/-/styles-2.32.1.tgz",
      "integrity": "sha512-n3Li1O7B7TEZ2F9ozyjm/x4nL8QsEl8r4MDWFkKJKDewSyDcVW0ryy4vybRLPyTtmDx3G4KD1iZ53yJh3cZ2lQ==",
      "dev": true
    }
  }
}
