{
  "name": "@mamba/qrcode",
  "version": "2.34.1",
  "lockfileVersion": 1,
  "requires": true,
  "dependencies": {
    "@mamba/styles": {
      "version": "2.32.1",
      "resolved": "https://registry.npmjs.org/@mamba/styles/-/styles-2.32.1.tgz",
      "integrity": "sha512-n3Li1O7B7TEZ2F9ozyjm/x4nL8QsEl8r4MDWFkKJKDewSyDcVW0ryy4vybRLPyTtmDx3G4KD1iZ53yJh3cZ2lQ=="
    },
    "qrious": {
      "version": "4.0.2",
      "resolved": "https://registry.npmjs.org/qrious/-/qrious-4.0.2.tgz",
      "integrity": "sha512-xWPJIrK1zu5Ypn898fBp8RHkT/9ibquV2Kv24S/JY9VYEhMBMKur1gHVsOiNUh7PHP9uCgejjpZUHUIXXKoU/g=="
    }
  }
}
