{
  "name": "@mamba/input",
  "version": "2.33.3",
  "lockfileVersion": 1,
  "requires": true,
  "dependencies": {
    "@mamba/icon": {
      "version": "3.2.0",
      "resolved": "https://registry.npmjs.org/@mamba/icon/-/icon-3.2.0.tgz",
      "integrity": "sha512-28QraoIVm9lTSWxUjgyZw7srKrTMaRtbSZAtAgLq8ZgEs9JUPlmJJFUQ7kBnUSvMlSxI08x905ZvSnsWSPgMJg==",
      "requires": {
        "@mamba/styles": "3.2.0"
      }
    },
    "@mamba/styles": {
      "version": "3.2.0",
      "resolved": "https://registry.npmjs.org/@mamba/styles/-/styles-3.2.0.tgz",
      "integrity": "sha512-tfcBcT/phYFxkPPhnYR5fZzItFVGRjQDOXue5mPUGBoco5M8be26HmmTJrH1ZWreEWP+r0vGlCsVZwCldmyKqw=="
    },
    "@mamba/utils": {
      "version": "2.40.1",
      "resolved": "https://registry.npmjs.org/@mamba/utils/-/utils-2.40.1.tgz",
      "integrity": "sha512-A4dEWhO0fwA/dh3WOlnt1t+SPdN2yDfil76Il7/yJBPGtEsxcHELcsTUGzfAlEpEVCszVZ2y8vyb1Y6ApfpLsg==",
      "requires": {
        "date-fns": "2.14.0",
        "date-fns-tz": "1.0.10"
      }
    },
    "date-fns": {
      "version": "2.14.0",
      "resolved": "https://registry.npmjs.org/date-fns/-/date-fns-2.14.0.tgz",
      "integrity": "sha512-1zD+68jhFgDIM0rF05rcwYO8cExdNqxjq4xP1QKM60Q45mnO6zaMWB4tOzrIr4M4GSLntsKeE4c9Bdl2jhL/yw=="
    },
    "date-fns-tz": {
      "version": "1.0.10",
      "resolved": "https://registry.npmjs.org/date-fns-tz/-/date-fns-tz-1.0.10.tgz",
      "integrity": "sha512-cHQAz0/9uDABaUNDM80Mj1FL4ODlxs1xEY4b0DQuAooO2UdNKvDkNbV8ogLnxLbv02Ru1HXFcot0pVvDRBgptg=="
    }
  }
}
