{
  "name": "@mamba/input",
  "version": "2.29.4",
  "lockfileVersion": 1,
  "requires": true,
  "dependencies": {
    "@mamba/icon": {
      "version": "2.29.4",
      "resolved": "https://registry.npmjs.org/@mamba/icon/-/icon-2.29.4.tgz",
      "integrity": "sha512-TtSiagC7Md9hAZiTOtnIalJ3mADvxHu0petwmHwYFjeYEuzU7OKBjcO7IUCuat27Ws9RXPtxTwEa3W4bf9L6GA==",
      "requires": {
        "@mamba/styles": "2.29.4"
      },
      "dependencies": {
        "@mamba/styles": {
          "version": "2.29.4",
          "resolved": "https://registry.npmjs.org/@mamba/styles/-/styles-2.29.4.tgz",
          "integrity": "sha512-t77/TZF9hVtLqD5CMygDIFXbidv2XscaGkLtd24UH0BtbCO0UDSRpyDeuw+m8YbotlBHV9ZHhH1bd/r2susyKg=="
        }
      }
    },
    "@mamba/styles": {
      "version": "2.29.4",
      "resolved": "https://registry.npmjs.org/@mamba/styles/-/styles-2.29.4.tgz",
      "integrity": "sha512-t77/TZF9hVtLqD5CMygDIFXbidv2XscaGkLtd24UH0BtbCO0UDSRpyDeuw+m8YbotlBHV9ZHhH1bd/r2susyKg==",
      "dev": true
    },
    "@mamba/utils": {
      "version": "2.29.4",
      "resolved": "https://registry.npmjs.org/@mamba/utils/-/utils-2.29.4.tgz",
      "integrity": "sha512-3vc8GZwKxL3OwTkKXYWGsbWdEfw28CNELbJM7MSKbGxmkBvLdLWTspzPKMIrSA0E4MYBRe3crNIhrX3TOGz0Ng==",
      "requires": {
        "date-fns": "2.10.0",
        "date-fns-tz": "1.0.10"
      }
    },
    "date-fns": {
      "version": "2.10.0",
      "resolved": "https://registry.npmjs.org/date-fns/-/date-fns-2.10.0.tgz",
      "integrity": "sha512-EhfEKevYGWhWlZbNeplfhIU/+N+x0iCIx7VzKlXma2EdQyznVlZhCptXUY+BegNpPW2kjdx15Rvq503YcXXrcA=="
    },
    "date-fns-tz": {
      "version": "1.0.10",
      "resolved": "https://registry.npmjs.org/date-fns-tz/-/date-fns-tz-1.0.10.tgz",
      "integrity": "sha512-cHQAz0/9uDABaUNDM80Mj1FL4ODlxs1xEY4b0DQuAooO2UdNKvDkNbV8ogLnxLbv02Ru1HXFcot0pVvDRBgptg=="
    }
  }
}
