{
  "name": "@mamba/input",
  "version": "2.29.5",
  "lockfileVersion": 1,
  "requires": true,
  "dependencies": {
    "@mamba/icon": {
      "version": "2.29.5",
      "resolved": "https://registry.npmjs.org/@mamba/icon/-/icon-2.29.5.tgz",
      "integrity": "sha512-eG8YM4UPkT9x+LdnnczY6H5MTpj/+ColDP5otCSYDuRd1caIzPS1VP3OVbbnQUaGzFetXgSTVJhcaoIb4MAOPg==",
      "requires": {
        "@mamba/styles": "2.29.5"
      },
      "dependencies": {
        "@mamba/styles": {
          "version": "2.29.5",
          "resolved": "https://registry.npmjs.org/@mamba/styles/-/styles-2.29.5.tgz",
          "integrity": "sha512-wZTAJPo7N8EEIG0ySWKcLCxFgJvF+qlwt0P5o9Wwv7oKwWMllq+HkurC3R5h3YEA4Obpnnc8LLUkWYuiLSK4Ug=="
        }
      }
    },
    "@mamba/styles": {
      "version": "2.29.5",
      "resolved": "https://registry.npmjs.org/@mamba/styles/-/styles-2.29.5.tgz",
      "integrity": "sha512-wZTAJPo7N8EEIG0ySWKcLCxFgJvF+qlwt0P5o9Wwv7oKwWMllq+HkurC3R5h3YEA4Obpnnc8LLUkWYuiLSK4Ug==",
      "dev": true
    },
    "@mamba/utils": {
      "version": "2.29.5",
      "resolved": "https://registry.npmjs.org/@mamba/utils/-/utils-2.29.5.tgz",
      "integrity": "sha512-VW1o6+9hMLx3Mj0EG6xcFj4PtxPr/gVw934RFyKGeaKeBIV41bfWRGmqXyXbw2Y0b/8wrxlElDufa6FFQKw6uw==",
      "requires": {
        "date-fns": "2.10.0",
        "date-fns-tz": "1.0.10"
      }
    },
    "date-fns": {
      "version": "2.10.0",
      "resolved": "https://registry.npmjs.org/date-fns/-/date-fns-2.10.0.tgz",
      "integrity": "sha512-EhfEKevYGWhWlZbNeplfhIU/+N+x0iCIx7VzKlXma2EdQyznVlZhCptXUY+BegNpPW2kjdx15Rvq503YcXXrcA=="
    },
    "date-fns-tz": {
      "version": "1.0.10",
      "resolved": "https://registry.npmjs.org/date-fns-tz/-/date-fns-tz-1.0.10.tgz",
      "integrity": "sha512-cHQAz0/9uDABaUNDM80Mj1FL4ODlxs1xEY4b0DQuAooO2UdNKvDkNbV8ogLnxLbv02Ru1HXFcot0pVvDRBgptg=="
    }
  }
}
