{
  "name": "@mamba/pos",
  "version": "2.33.3",
  "lockfileVersion": 1,
  "requires": true,
  "dependencies": {
    "@mamba/app": {
      "version": "2.34.2",
      "resolved": "https://registry.npmjs.org/@mamba/app/-/app-2.34.2.tgz",
      "integrity": "sha512-mHkO6pkcAN6F/OUxjfZkzTBswSOiQejnz/mVkxYMfesh2aslZvHWSXvY1yi+mgydWBqJmgz2qRAdTj5C6QGZOg=="
    },
    "@mamba/button": {
      "version": "2.34.2",
      "resolved": "https://registry.npmjs.org/@mamba/button/-/button-2.34.2.tgz",
      "integrity": "sha512-bAaKQA/OcqxkJQGUaArDnmywDe4xGEGENliteTCFU4y9k1ZLpr+QjrIiqb0Iim8DGlNX5A1a/GIKwXsBPErI0Q==",
      "requires": {
        "@mamba/styles": "^2.34.2"
      }
    },
    "@mamba/dialog": {
      "version": "2.34.2",
      "resolved": "https://registry.npmjs.org/@mamba/dialog/-/dialog-2.34.2.tgz",
      "integrity": "sha512-67t3wHAqn5Fp6NtLes20+LHxha9mkkGf12/ZRhnoZ8nNxMQlSwdVlotQa+gN4ONT1GDtvPNkv+6Px3FcnLH9Wg==",
      "requires": {
        "@mamba/icon": "^2.34.2",
        "@mamba/styles": "^2.34.2"
      }
    },
    "@mamba/icon": {
      "version": "2.34.2",
      "resolved": "https://registry.npmjs.org/@mamba/icon/-/icon-2.34.2.tgz",
      "integrity": "sha512-jt2zUaG9oQNAuSssmoj8tnjo8znl9BjS2zbGgFfAYoQyNVF0atnejTvO/K4Zn4i6Mwsf0lDL52O5yL2u1yii2Q==",
      "requires": {
        "@mamba/styles": "^2.34.2"
      }
    },
    "@mamba/sprite": {
      "version": "2.34.2",
      "resolved": "https://registry.npmjs.org/@mamba/sprite/-/sprite-2.34.2.tgz",
      "integrity": "sha512-/GMKAm4/h0qNDaD5xr0EYW44IzCiNt0GHL4kx1FfPjikF464B2WWazAUTfLxlFRyzRs8qMP94MqqDoch8WsmcQ=="
    },
    "@mamba/styles": {
      "version": "2.34.2",
      "resolved": "https://registry.npmjs.org/@mamba/styles/-/styles-2.34.2.tgz",
      "integrity": "sha512-tWfRZovLkVIyZ/tjzJl/EfAFzmC7gyJmdyVZZ9V0dYLM9SFQq4Aruxu4hko5gsjLeXNM0pz5kCCKisKCmiNFyQ=="
    },
    "@mamba/switch": {
      "version": "2.34.2",
      "resolved": "https://registry.npmjs.org/@mamba/switch/-/switch-2.34.2.tgz",
      "integrity": "sha512-u78l5NTzSroh4qmROQW/WUJXPSfvz3i3cwoS9n3acs1d9eVjdMCb5TD8i0tXGvH3DHQFZqwWokOvTHXeJt0UNA=="
    },
    "immer": {
      "version": "8.0.1",
      "resolved": "https://registry.npmjs.org/immer/-/immer-8.0.1.tgz",
      "integrity": "sha512-aqXhGP7//Gui2+UrEtvxZxSquQVXTpZ7KDxfCcKAF3Vysvw0CViVaW9RZ1j1xlIYqaaaipBoqdqeibkc18PNvA=="
    }
  }
}
