{
  "name": "@mamba/pos",
  "version": "2.29.4",
  "lockfileVersion": 1,
  "requires": true,
  "dependencies": {
    "@mamba/app": {
      "version": "2.29.4",
      "resolved": "https://registry.npmjs.org/@mamba/app/-/app-2.29.4.tgz",
      "integrity": "sha512-fAymHJoObhGrY2lKG3abhuiHVsPwEXLG4Wg8BO/yTlvZ4CzJ7IHG1S9Mpg0DnTYA0/c5n0owSdw9OBaDybzbsw=="
    },
    "@mamba/button": {
      "version": "2.29.4",
      "resolved": "https://registry.npmjs.org/@mamba/button/-/button-2.29.4.tgz",
      "integrity": "sha512-kV8LGljuCcAD/lOPjbbF000A1kePztAxRQTPpbMo0ztMHXpOdLYXWYkP20oCqnqt9kMgSq9hxVbHpZB0Ux+f0A==",
      "requires": {
        "@mamba/styles": "2.29.4"
      }
    },
    "@mamba/dialog": {
      "version": "2.29.4",
      "resolved": "https://registry.npmjs.org/@mamba/dialog/-/dialog-2.29.4.tgz",
      "integrity": "sha512-vVVnf9tQWESYFQI16lxR8Yq1g6fUmjT8Zh0rJkny7hbxK6MbD5cRUai5rmth9kvEYhHwoY2JEP6BBldWXwRh/w==",
      "requires": {
        "@mamba/icon": "2.29.4",
        "@mamba/styles": "2.29.4"
      }
    },
    "@mamba/icon": {
      "version": "2.29.4",
      "resolved": "https://registry.npmjs.org/@mamba/icon/-/icon-2.29.4.tgz",
      "integrity": "sha512-TtSiagC7Md9hAZiTOtnIalJ3mADvxHu0petwmHwYFjeYEuzU7OKBjcO7IUCuat27Ws9RXPtxTwEa3W4bf9L6GA==",
      "requires": {
        "@mamba/styles": "2.29.4"
      }
    },
    "@mamba/sprite": {
      "version": "2.29.4",
      "resolved": "https://registry.npmjs.org/@mamba/sprite/-/sprite-2.29.4.tgz",
      "integrity": "sha512-h1pts2VLKIgIo+wt+3I8Vr5ICsDJ5EjZKC+dw8+XkGpMCj+sa9/RiYHqybemGfj5wHBkHcU4pI885TigRUuGHg=="
    },
    "@mamba/styles": {
      "version": "2.29.4",
      "resolved": "https://registry.npmjs.org/@mamba/styles/-/styles-2.29.4.tgz",
      "integrity": "sha512-t77/TZF9hVtLqD5CMygDIFXbidv2XscaGkLtd24UH0BtbCO0UDSRpyDeuw+m8YbotlBHV9ZHhH1bd/r2susyKg=="
    },
    "@mamba/switch": {
      "version": "2.29.4",
      "resolved": "https://registry.npmjs.org/@mamba/switch/-/switch-2.29.4.tgz",
      "integrity": "sha512-C7Ei9UIvVWGEtkl415lE6qA447pLiMG5n3LgucwUCEnxjIzOcKlr3el6OT8oxd0jSh28jo+Jzo1I+xTK1cLH3g=="
    },
    "immer": {
      "version": "2.1.5",
      "resolved": "https://registry.npmjs.org/immer/-/immer-2.1.5.tgz",
      "integrity": "sha512-xyjQyTBYIeiz6jd02Hg12jV+9QISwF1crLcwTlzHpWH4e0ryNWj1kacpTwimK3bJV5NKKXw458G2vpqoB/inFA=="
    }
  }
}
