{
  "name": "@mamba/pos",
  "version": "2.33.3",
  "lockfileVersion": 1,
  "requires": true,
  "dependencies": {
    "@mamba/app": {
      "version": "2.33.3",
      "resolved": "https://registry.npmjs.org/@mamba/app/-/app-2.33.3.tgz",
      "integrity": "sha512-n7UygrqhMLuyeWTLC7ijGUGlzIfDtjvOZKlTfXZGPS+U5LymDhRVOl5xy0t3sTW+bI8uzoSoYkRHvlfYIzVXCw=="
    },
    "@mamba/button": {
      "version": "2.33.3",
      "resolved": "https://registry.npmjs.org/@mamba/button/-/button-2.33.3.tgz",
      "integrity": "sha512-ZfcYYRoBFLRHkfB0/6VTVKlJKz+IwK4kkhanhtCL3Pj46gUglt6Hq8yMOnajQHAxfo3GnaCp3DiPYa4OmgtM9Q==",
      "requires": {
        "@mamba/styles": "^2.33.3"
      }
    },
    "@mamba/dialog": {
      "version": "2.33.3",
      "resolved": "https://registry.npmjs.org/@mamba/dialog/-/dialog-2.33.3.tgz",
      "integrity": "sha512-Q8Uyx4YdslSn4qeisFtLtd+mund/a1SL2EBlDa8C+38vVFb0GRylzS1bDAgryUMj5OxjelMAsA/tJYpe5BSiJA==",
      "requires": {
        "@mamba/icon": "^2.33.3",
        "@mamba/styles": "^2.33.3"
      }
    },
    "@mamba/icon": {
      "version": "2.33.3",
      "resolved": "https://registry.npmjs.org/@mamba/icon/-/icon-2.33.3.tgz",
      "integrity": "sha512-P1RvzbRo/OtxNdjnv4I4k7/hR1v5gIADj7wNUUDzdb+4p02bkaXrPeD1oJ+hXwg2941APrkluePrsGKxW+NsrA==",
      "requires": {
        "@mamba/styles": "^2.33.3"
      }
    },
    "@mamba/sprite": {
      "version": "2.33.3",
      "resolved": "https://registry.npmjs.org/@mamba/sprite/-/sprite-2.33.3.tgz",
      "integrity": "sha512-fL7IhXdMv2Zx2xbsvvsZBkCXh1ZvvBjrchYnmuVz3HHFCjxfdwmLmnPs+3aCHVCgmlUTdCYS7Ze0CnsABPJBlQ=="
    },
    "@mamba/styles": {
      "version": "2.33.3",
      "resolved": "https://registry.npmjs.org/@mamba/styles/-/styles-2.33.3.tgz",
      "integrity": "sha512-UqNX7INi8P1KolzCPpix30d2FZrjXaQwB6r+ejn0wqIVsX8VaNSPJeSlGPVt7wwifMQ0u5MWkCbI+eZ0FVYfdQ=="
    },
    "@mamba/switch": {
      "version": "2.33.3",
      "resolved": "https://registry.npmjs.org/@mamba/switch/-/switch-2.33.3.tgz",
      "integrity": "sha512-0JPPeNXTBtEr4KKQVoA57ViNvqOWov1BOaBnp113LNPbucsChPx1SLW5rbsxZAPufZNY5kkDG7ScFxg88JYGPg=="
    },
    "immer": {
      "version": "2.1.5",
      "resolved": "https://registry.npmjs.org/immer/-/immer-2.1.5.tgz",
      "integrity": "sha512-xyjQyTBYIeiz6jd02Hg12jV+9QISwF1crLcwTlzHpWH4e0ryNWj1kacpTwimK3bJV5NKKXw458G2vpqoB/inFA=="
    }
  }
}
